PODS:
  - AGEmojiKeyboard (0.2.1)

DEPENDENCIES:
  - AGEmojiKeyboard (from `../AGEmojiKeyboard.podspec`)

EXTERNAL SOURCES:
  AGEmojiKeyboard:
    :path: "../AGEmojiKeyboard.podspec"

SPEC CHECKSUMS:
  AGEmojiKeyboard: 518b5b111d32111a8e3d98cd823f9063db50d591

PODFILE CHECKSUM: e10531b2d6b2e779ad67fc6d0109661c200b53b2

COCOAPODS: 1.5.3
